
Microsoft Visual Studio Solution File, Format Version 12.00
# Visual Studio Version 17
VisualStudioVersion = 17.0.31903.59
MinimumVisualStudioVersion = 10.0.40219.1
Project("{9A19103F-16F7-4668-BE54-9A1E7A4F7556}") = "Quantum.UnitTests", "tests\Quantum.UnitTests\Quantum.UnitTests.csproj", "{569E516D-B7C5-40EC-9EFC-59AC0E58EA12}"
EndProject
Project("{2150E333-8FDC-42A3-9474-1A3956D46DE8}") = "src", "src", "{5074ECE4-CB41-4155-9202-1252A2E15654}"
EndProject
Project("{2150E333-8FDC-42A3-9474-1A3956D46DE8}") = "tests", "tests", "{2011D3CD-8BB3-4E56-8282-DCC1042B3407}"
EndProject
Project("{2150E333-8FDC-42A3-9474-1A3956D46DE8}") = "Solution Items", "Solution Items", "{09EB2FBF-5DE0-49CE-9D6B-ED6351A0A82F}"
	ProjectSection(SolutionItems) = preProject
		.editorconfig = .editorconfig
	EndProjectSection
EndProject
Project("{9A19103F-16F7-4668-BE54-9A1E7A4F7556}") = "Quantum.ServiceBus", "src\ServiceBus\Quantum.ServiceBus\Quantum.ServiceBus.csproj", "{FD2E6697-CEE0-40F5-8F7A-F750A7D8AFAA}"
EndProject
Project("{9A19103F-16F7-4668-BE54-9A1E7A4F7556}") = "Quantum.ServiceBus.InMemory", "src\ServiceBus\Quantum.ServiceBus.InMemory\Quantum.ServiceBus.InMemory.csproj", "{157DE3DD-1BB0-4DCC-90D5-DFEDF9B00295}"
EndProject
Project("{9A19103F-16F7-4668-BE54-9A1E7A4F7556}") = "Quantum.ServiceBus.RabbitMQ", "src\ServiceBus\Quantum.ServiceBus.RabbitMQ\Quantum.ServiceBus.RabbitMQ.csproj", "{3BD6ACE9-2C22-4D15-A679-ABE61C6DD4E9}"
EndProject
Global
	GlobalSection(SolutionConfigurationPlatforms) = preSolution
		Debug|Any CPU = Debug|Any CPU
		Release|Any CPU = Release|Any CPU
	EndGlobalSection
	GlobalSection(ProjectConfigurationPlatforms) = postSolution
		{569E516D-B7C5-40EC-9EFC-59AC0E58EA12}.Debug|Any CPU.ActiveCfg = Debug|Any CPU
		{569E516D-B7C5-40EC-9EFC-59AC0E58EA12}.Debug|Any CPU.Build.0 = Debug|Any CPU
		{569E516D-B7C5-40EC-9EFC-59AC0E58EA12}.Release|Any CPU.ActiveCfg = Release|Any CPU
		{569E516D-B7C5-40EC-9EFC-59AC0E58EA12}.Release|Any CPU.Build.0 = Release|Any CPU
		{FD2E6697-CEE0-40F5-8F7A-F750A7D8AFAA}.Debug|Any CPU.ActiveCfg = Debug|Any CPU
		{FD2E6697-CEE0-40F5-8F7A-F750A7D8AFAA}.Debug|Any CPU.Build.0 = Debug|Any CPU
		{FD2E6697-CEE0-40F5-8F7A-F750A7D8AFAA}.Release|Any CPU.ActiveCfg = Release|Any CPU
		{FD2E6697-CEE0-40F5-8F7A-F750A7D8AFAA}.Release|Any CPU.Build.0 = Release|Any CPU
		{157DE3DD-1BB0-4DCC-90D5-DFEDF9B00295}.Debug|Any CPU.ActiveCfg = Debug|Any CPU
		{157DE3DD-1BB0-4DCC-90D5-DFEDF9B00295}.Debug|Any CPU.Build.0 = Debug|Any CPU
		{157DE3DD-1BB0-4DCC-90D5-DFEDF9B00295}.Release|Any CPU.ActiveCfg = Release|Any CPU
		{157DE3DD-1BB0-4DCC-90D5-DFEDF9B00295}.Release|Any CPU.Build.0 = Release|Any CPU
		{3BD6ACE9-2C22-4D15-A679-ABE61C6DD4E9}.Debug|Any CPU.ActiveCfg = Debug|Any CPU
		{3BD6ACE9-2C22-4D15-A679-ABE61C6DD4E9}.Debug|Any CPU.Build.0 = Debug|Any CPU
		{3BD6ACE9-2C22-4D15-A679-ABE61C6DD4E9}.Release|Any CPU.ActiveCfg = Release|Any CPU
		{3BD6ACE9-2C22-4D15-A679-ABE61C6DD4E9}.Release|Any CPU.Build.0 = Release|Any CPU
	EndGlobalSection
	GlobalSection(SolutionProperties) = preSolution
		HideSolutionNode = FALSE
	EndGlobalSection
	GlobalSection(NestedProjects) = preSolution
		{569E516D-B7C5-40EC-9EFC-59AC0E58EA12} = {2011D3CD-8BB3-4E56-8282-DCC1042B3407}
		{FD2E6697-CEE0-40F5-8F7A-F750A7D8AFAA} = {5074ECE4-CB41-4155-9202-1252A2E15654}
		{157DE3DD-1BB0-4DCC-90D5-DFEDF9B00295} = {5074ECE4-CB41-4155-9202-1252A2E15654}
		{3BD6ACE9-2C22-4D15-A679-ABE61C6DD4E9} = {5074ECE4-CB41-4155-9202-1252A2E15654}
	EndGlobalSection
	GlobalSection(ExtensibilityGlobals) = postSolution
		SolutionGuid = {7CE69326-D13A-4A9B-974F-50FB4C5203BA}
	EndGlobalSection
EndGlobal
